
Microsoft Visual Studio Solution File, Format Version 12.00
# Visual Studio Version 17
VisualStudioVersion = 17.5.33516.290
MinimumVisualStudioVersion = 10.0.40219.1
Project("{8BC9CEB8-8B4A-11D0-8D11-00A0C91BC942}") = "Project1 c++", "Project1 c++\Project1 c++.vcxproj", "{A05055AC-6B24-4D37-BB4D-CE6F7C3427F6}"
EndProject
Global
	GlobalSection(SolutionConfigurationPlatforms) = preSolution
		Debug|x64 = Debug|x64
		Debug|x86 = Debug|x86
		Release|x64 = Release|x64
		Release|x86 = Release|x86
	EndGlobalSection
	GlobalSection(ProjectConfigurationPlatforms) = postSolution
		{A05055AC-6B24-4D37-BB4D-CE6F7C3427F6}.Debug|x64.ActiveCfg = Debug|x64
		{A05055AC-6B24-4D37-BB4D-CE6F7C3427F6}.Debug|x64.Build.0 = Debug|x64
		{A05055AC-6B24-4D37-BB4D-CE6F7C3427F6}.Debug|x86.ActiveCfg = Debug|Win32
		{A05055AC-6B24-4D37-BB4D-CE6F7C3427F6}.Debug|x86.Build.0 = Debug|Win32
		{A05055AC-6B24-4D37-BB4D-CE6F7C3427F6}.Release|x64.ActiveCfg = Release|x64
		{A05055AC-6B24-4D37-BB4D-CE6F7C3427F6}.Release|x64.Build.0 = Release|x64
		{A05055AC-6B24-4D37-BB4D-CE6F7C3427F6}.Release|x86.ActiveCfg = Release|Win32
		{A05055AC-6B24-4D37-BB4D-CE6F7C3427F6}.Release|x86.Build.0 = Release|Win32
	EndGlobalSection
	GlobalSection(SolutionProperties) = preSolution
		HideSolutionNode = FALSE
	EndGlobalSection
	GlobalSection(ExtensibilityGlobals) = postSolution
		SolutionGuid = {338251C3-DEAF-49D6-84F9-445FB30B1803}
	EndGlobalSection
EndGlobal
